Microsoft Visual Studio Solution File, Format Version 12.00
# Visual Studio 15
VisualStudioVersion = 15.0.26724.1
MinimumVisualStudioVersion = 10.0.40219.1
Project("{9A19103F-16F7-4668-BE54-9A1E7A4F7556}") = "XamList", "XamList\XamList.csproj", "{6E272597-7247-4D80-AEFB-0B93F5D2A9B5}"
EndProject
Project("{FAE04EC0-301F-11D3-BF4B-00C04F79EFBC}") = "XamList.UITests", "XamList.UITests\XamList.UITests.csproj", "{E289972F-B8E9-4DF5-B0AF-B62133735256}"
EndProject
Project("{D954291E-2A0B-460D-934E-DC6B0785DB48}") = "XamList.Shared", "XamList.Shared\XamList.Shared.shproj", "{41ADAA6D-6B2D-45FA-8174-98DEB032897B}"
EndProject
Project("{2150E333-8FDC-42A3-9474-1A3956D46DE8}") = "Mobile", "Mobile", "{0F70E615-701B-4DDD-9DC3-B369C5DD4EE6}"
EndProject
Project("{2150E333-8FDC-42A3-9474-1A3956D46DE8}") = "Backend", "Backend", "{C84F7686-AEC3-45AD-81BB-2E59144A63F1}"
EndProject
Project("{2150E333-8FDC-42A3-9474-1A3956D46DE8}") = "Common", "Common", "{8AF8B5CD-DC10-4AE9-9076-0849C2305A60}"
EndProject
Project("{2150E333-8FDC-42A3-9474-1A3956D46DE8}") = "Tests", "Tests", "{7B3F8092-AB35-457F-A64C-569D3D5D352F}"
EndProject
Project("{FAE04EC0-301F-11D3-BF4B-00C04F79EFBC}") = "XamList.Droid", "XamList.Droid\XamList.Droid.csproj", "{C534602B-AE1C-4B79-A1A7-261513613A06}"
EndProject
Project("{FAE04EC0-301F-11D3-BF4B-00C04F79EFBC}") = "XamList.iOS", "XamList.iOS\XamList.iOS.csproj", "{18194F14-65E5-422B-A6C6-F020434314C1}"
EndProject
Project("{9A19103F-16F7-4668-BE54-9A1E7A4F7556}") = "XamList.API", "XamList.API\XamList.API.csproj", "{E370E528-CD63-4277-827D-682A7E5A0A82}"
EndProject
Project("{D954291E-2A0B-460D-934E-DC6B0785DB48}") = "XamList.Backend.Shared", "XamList.Backend.Shared\XamList.Backend.Shared.shproj", "{C345D820-AB9C-4853-A638-0C19A1C77903}"
EndProject
Project("{FAE04EC0-301F-11D3-BF4B-00C04F79EFBC}") = "XamList.Functions", "XamList.Functions\XamList.Functions.csproj", "{FE9A8201-B867-4ECC-A10C-2BB7FE6E82E6}"
EndProject
Project("{FAE04EC0-301F-11D3-BF4B-00C04F79EFBC}") = "XamList.UnitTests", "XamList.UnitTests\XamList.UnitTests.csproj", "{3D04340C-686E-42AE-8A74-CAA723E7B0C2}"
EndProject
Project("{D954291E-2A0B-460D-934E-DC6B0785DB48}") = "XamList.Mobile.Shared", "XamList.Mobile.Shared\XamList.Mobile.Shared.shproj", "{2DC30BEE-8B2A-4DE9-A52F-DB8DC9C23220}"
EndProject
Global
	GlobalSection(SharedMSBuildProjectFiles) = preSolution
		XamList.Shared\XamList.Shared.projitems*{41adaa6d-6b2d-45fa-8174-98deb032897b}*SharedItemsImports = 13
		XamList.Backend.Shared\XamList.Backend.Shared.projitems*{c345d820-ab9c-4853-a638-0c19a1c77903}*SharedItemsImports = 13
		XamList.Shared\XamList.Shared.projitems*{e289972f-b8e9-4df5-b0af-b62133735256}*SharedItemsImports = 4
	EndGlobalSection
	GlobalSection(SolutionConfigurationPlatforms) = preSolution
		Debug|Any CPU = Debug|Any CPU
		Debug|iPhone = Debug|iPhone
		Debug|iPhoneSimulator = Debug|iPhoneSimulator
		Release|Any CPU = Release|Any CPU
		Release|iPhone = Release|iPhone
		Release|iPhoneSimulator = Release|iPhoneSimulator
	EndGlobalSection
	GlobalSection(ProjectConfigurationPlatforms) = postSolution
		{6E272597-7247-4D80-AEFB-0B93F5D2A9B5}.Debug|Any CPU.ActiveCfg = Debug|Any CPU
		{6E272597-7247-4D80-AEFB-0B93F5D2A9B5}.Debug|Any CPU.Build.0 = Debug|Any CPU
		{6E272597-7247-4D80-AEFB-0B93F5D2A9B5}.Debug|iPhone.ActiveCfg = Debug|Any CPU
		{6E272597-7247-4D80-AEFB-0B93F5D2A9B5}.Debug|iPhone.Build.0 = Debug|Any CPU
		{6E272597-7247-4D80-AEFB-0B93F5D2A9B5}.Debug|iPhoneSimulator.ActiveCfg = Debug|Any CPU
		{6E272597-7247-4D80-AEFB-0B93F5D2A9B5}.Debug|iPhoneSimulator.Build.0 = Debug|Any CPU
		{6E272597-7247-4D80-AEFB-0B93F5D2A9B5}.Release|Any CPU.ActiveCfg = Release|Any CPU
		{6E272597-7247-4D80-AEFB-0B93F5D2A9B5}.Release|Any CPU.Build.0 = Release|Any CPU
		{6E272597-7247-4D80-AEFB-0B93F5D2A9B5}.Release|iPhone.ActiveCfg = Release|Any CPU
		{6E272597-7247-4D80-AEFB-0B93F5D2A9B5}.Release|iPhone.Build.0 = Release|Any CPU
		{6E272597-7247-4D80-AEFB-0B93F5D2A9B5}.Release|iPhoneSimulator.ActiveCfg = Release|Any CPU
		{6E272597-7247-4D80-AEFB-0B93F5D2A9B5}.Release|iPhoneSimulator.Build.0 = Release|Any CPU
		{E289972F-B8E9-4DF5-B0AF-B62133735256}.Debug|Any CPU.ActiveCfg = Debug|Any CPU
		{E289972F-B8E9-4DF5-B0AF-B62133735256}.Debug|Any CPU.Build.0 = Debug|Any CPU
		{E289972F-B8E9-4DF5-B0AF-B62133735256}.Debug|iPhone.ActiveCfg = Debug|Any CPU
		{E289972F-B8E9-4DF5-B0AF-B62133735256}.Debug|iPhone.Build.0 = Debug|Any CPU
		{E289972F-B8E9-4DF5-B0AF-B62133735256}.Debug|iPhoneSimulator.ActiveCfg = Debug|Any CPU
		{E289972F-B8E9-4DF5-B0AF-B62133735256}.Debug|iPhoneSimulator.Build.0 = Debug|Any CPU
		{E289972F-B8E9-4DF5-B0AF-B62133735256}.Release|Any CPU.ActiveCfg = Release|Any CPU
		{E289972F-B8E9-4DF5-B0AF-B62133735256}.Release|Any CPU.Build.0 = Release|Any CPU
		{E289972F-B8E9-4DF5-B0AF-B62133735256}.Release|iPhone.ActiveCfg = Release|Any CPU
		{E289972F-B8E9-4DF5-B0AF-B62133735256}.Release|iPhone.Build.0 = Release|Any CPU
		{E289972F-B8E9-4DF5-B0AF-B62133735256}.Release|iPhoneSimulator.ActiveCfg = Release|Any CPU
		{E289972F-B8E9-4DF5-B0AF-B62133735256}.Release|iPhoneSimulator.Build.0 = Release|Any CPU
		{C534602B-AE1C-4B79-A1A7-261513613A06}.Debug|Any CPU.ActiveCfg = Debug|Any CPU
		{C534602B-AE1C-4B79-A1A7-261513613A06}.Debug|Any CPU.Build.0 = Debug|Any CPU
		{C534602B-AE1C-4B79-A1A7-261513613A06}.Debug|iPhone.ActiveCfg = Debug|Any CPU
		{C534602B-AE1C-4B79-A1A7-261513613A06}.Debug|iPhone.Build.0 = Debug|Any CPU
		{C534602B-AE1C-4B79-A1A7-261513613A06}.Debug|iPhoneSimulator.ActiveCfg = Debug|Any CPU
		{C534602B-AE1C-4B79-A1A7-261513613A06}.Debug|iPhoneSimulator.Build.0 = Debug|Any CPU
		{C534602B-AE1C-4B79-A1A7-261513613A06}.Release|Any CPU.ActiveCfg = Release|Any CPU
		{C534602B-AE1C-4B79-A1A7-261513613A06}.Release|Any CPU.Build.0 = Release|Any CPU
		{C534602B-AE1C-4B79-A1A7-261513613A06}.Release|iPhone.ActiveCfg = Release|Any CPU
		{C534602B-AE1C-4B79-A1A7-261513613A06}.Release|iPhone.Build.0 = Release|Any CPU
		{C534602B-AE1C-4B79-A1A7-261513613A06}.Release|iPhoneSimulator.ActiveCfg = Release|Any CPU
		{C534602B-AE1C-4B79-A1A7-261513613A06}.Release|iPhoneSimulator.Build.0 = Release|Any CPU
		{18194F14-65E5-422B-A6C6-F020434314C1}.Debug|Any CPU.ActiveCfg = Debug|iPhoneSimulator
		{18194F14-65E5-422B-A6C6-F020434314C1}.Debug|Any CPU.Build.0 = Debug|iPhoneSimulator
		{18194F14-65E5-422B-A6C6-F020434314C1}.Debug|iPhone.ActiveCfg = Debug|iPhone
		{18194F14-65E5-422B-A6C6-F020434314C1}.Debug|iPhone.Build.0 = Debug|iPhone
		{18194F14-65E5-422B-A6C6-F020434314C1}.Debug|iPhoneSimulator.ActiveCfg = Debug|iPhoneSimulator
		{18194F14-65E5-422B-A6C6-F020434314C1}.Debug|iPhoneSimulator.Build.0 = Debug|iPhoneSimulator
		{18194F14-65E5-422B-A6C6-F020434314C1}.Release|Any CPU.ActiveCfg = Release|iPhone
		{18194F14-65E5-422B-A6C6-F020434314C1}.Release|Any CPU.Build.0 = Release|iPhone
		{18194F14-65E5-422B-A6C6-F020434314C1}.Release|iPhone.ActiveCfg = Release|iPhone
		{18194F14-65E5-422B-A6C6-F020434314C1}.Release|iPhone.Build.0 = Release|iPhone
		{18194F14-65E5-422B-A6C6-F020434314C1}.Release|iPhoneSimulator.ActiveCfg = Release|iPhoneSimulator
		{18194F14-65E5-422B-A6C6-F020434314C1}.Release|iPhoneSimulator.Build.0 = Release|iPhoneSimulator
		{E370E528-CD63-4277-827D-682A7E5A0A82}.Debug|Any CPU.ActiveCfg = Debug|Any CPU
		{E370E528-CD63-4277-827D-682A7E5A0A82}.Debug|Any CPU.Build.0 = Debug|Any CPU
		{E370E528-CD63-4277-827D-682A7E5A0A82}.Debug|iPhone.ActiveCfg = Debug|Any CPU
		{E370E528-CD63-4277-827D-682A7E5A0A82}.Debug|iPhone.Build.0 = Debug|Any CPU
		{E370E528-CD63-4277-827D-682A7E5A0A82}.Debug|iPhoneSimulator.ActiveCfg = Debug|Any CPU
		{E370E528-CD63-4277-827D-682A7E5A0A82}.Debug|iPhoneSimulator.Build.0 = Debug|Any CPU
		{E370E528-CD63-4277-827D-682A7E5A0A82}.Release|Any CPU.ActiveCfg = Release|Any CPU
		{E370E528-CD63-4277-827D-682A7E5A0A82}.Release|Any CPU.Build.0 = Release|Any CPU
		{E370E528-CD63-4277-827D-682A7E5A0A82}.Release|iPhone.ActiveCfg = Release|Any CPU
		{E370E528-CD63-4277-827D-682A7E5A0A82}.Release|iPhone.Build.0 = Release|Any CPU
		{E370E528-CD63-4277-827D-682A7E5A0A82}.Release|iPhoneSimulator.ActiveCfg = Release|Any CPU
		{E370E528-CD63-4277-827D-682A7E5A0A82}.Release|iPhoneSimulator.Build.0 = Release|Any CPU
		{FE9A8201-B867-4ECC-A10C-2BB7FE6E82E6}.Debug|Any CPU.ActiveCfg = Debug|Any CPU
		{FE9A8201-B867-4ECC-A10C-2BB7FE6E82E6}.Debug|Any CPU.Build.0 = Debug|Any CPU
		{FE9A8201-B867-4ECC-A10C-2BB7FE6E82E6}.Debug|iPhone.ActiveCfg = Debug|Any CPU
		{FE9A8201-B867-4ECC-A10C-2BB7FE6E82E6}.Debug|iPhone.Build.0 = Debug|Any CPU
		{FE9A8201-B867-4ECC-A10C-2BB7FE6E82E6}.Debug|iPhoneSimulator.ActiveCfg = Debug|Any CPU
		{FE9A8201-B867-4ECC-A10C-2BB7FE6E82E6}.Debug|iPhoneSimulator.Build.0 = Debug|Any CPU
		{FE9A8201-B867-4ECC-A10C-2BB7FE6E82E6}.Release|Any CPU.ActiveCfg = Release|Any CPU
		{FE9A8201-B867-4ECC-A10C-2BB7FE6E82E6}.Release|Any CPU.Build.0 = Release|Any CPU
		{FE9A8201-B867-4ECC-A10C-2BB7FE6E82E6}.Release|iPhone.ActiveCfg = Release|Any CPU
		{FE9A8201-B867-4ECC-A10C-2BB7FE6E82E6}.Release|iPhone.Build.0 = Release|Any CPU
		{FE9A8201-B867-4ECC-A10C-2BB7FE6E82E6}.Release|iPhoneSimulator.ActiveCfg = Release|Any CPU
		{FE9A8201-B867-4ECC-A10C-2BB7FE6E82E6}.Release|iPhoneSimulator.Build.0 = Release|Any CPU
		{3D04340C-686E-42AE-8A74-CAA723E7B0C2}.Debug|Any CPU.ActiveCfg = Debug|Any CPU
		{3D04340C-686E-42AE-8A74-CAA723E7B0C2}.Debug|Any CPU.Build.0 = Debug|Any CPU
		{3D04340C-686E-42AE-8A74-CAA723E7B0C2}.Debug|iPhone.ActiveCfg = Debug|Any CPU
		{3D04340C-686E-42AE-8A74-CAA723E7B0C2}.Debug|iPhone.Build.0 = Debug|Any CPU
		{3D04340C-686E-42AE-8A74-CAA723E7B0C2}.Debug|iPhoneSimulator.ActiveCfg = Debug|Any CPU
		{3D04340C-686E-42AE-8A74-CAA723E7B0C2}.Debug|iPhoneSimulator.Build.0 = Debug|Any CPU
		{3D04340C-686E-42AE-8A74-CAA723E7B0C2}.Release|Any CPU.ActiveCfg = Release|Any CPU
		{3D04340C-686E-42AE-8A74-CAA723E7B0C2}.Release|Any CPU.Build.0 = Release|Any CPU
		{3D04340C-686E-42AE-8A74-CAA723E7B0C2}.Release|iPhone.ActiveCfg = Release|Any CPU
		{3D04340C-686E-42AE-8A74-CAA723E7B0C2}.Release|iPhone.Build.0 = Release|Any CPU
		{3D04340C-686E-42AE-8A74-CAA723E7B0C2}.Release|iPhoneSimulator.ActiveCfg = Release|Any CPU
		{3D04340C-686E-42AE-8A74-CAA723E7B0C2}.Release|iPhoneSimulator.Build.0 = Release|Any CPU
	EndGlobalSection
	GlobalSection(SolutionProperties) = preSolution
		HideSolutionNode = FALSE
	EndGlobalSection
	GlobalSection(NestedProjects) = preSolution
		{6E272597-7247-4D80-AEFB-0B93F5D2A9B5} = {0F70E615-701B-4DDD-9DC3-B369C5DD4EE6}
		{E289972F-B8E9-4DF5-B0AF-B62133735256} = {7B3F8092-AB35-457F-A64C-569D3D5D352F}
		{41ADAA6D-6B2D-45FA-8174-98DEB032897B} = {8AF8B5CD-DC10-4AE9-9076-0849C2305A60}
		{7B3F8092-AB35-457F-A64C-569D3D5D352F} = {0F70E615-701B-4DDD-9DC3-B369C5DD4EE6}
		{C534602B-AE1C-4B79-A1A7-261513613A06} = {0F70E615-701B-4DDD-9DC3-B369C5DD4EE6}
		{18194F14-65E5-422B-A6C6-F020434314C1} = {0F70E615-701B-4DDD-9DC3-B369C5DD4EE6}
		{E370E528-CD63-4277-827D-682A7E5A0A82} = {C84F7686-AEC3-45AD-81BB-2E59144A63F1}
		{C345D820-AB9C-4853-A638-0C19A1C77903} = {C84F7686-AEC3-45AD-81BB-2E59144A63F1}
		{FE9A8201-B867-4ECC-A10C-2BB7FE6E82E6} = {C84F7686-AEC3-45AD-81BB-2E59144A63F1}
		{3D04340C-686E-42AE-8A74-CAA723E7B0C2} = {7B3F8092-AB35-457F-A64C-569D3D5D352F}
		{2DC30BEE-8B2A-4DE9-A52F-DB8DC9C23220} = {0F70E615-701B-4DDD-9DC3-B369C5DD4EE6}
	EndGlobalSection
	GlobalSection(ExtensibilityGlobals) = postSolution
		SolutionGuid = {B14BEEF2-D2E4-4AFB-BD86-DECE61D8E42F}
	EndGlobalSection
EndGlobal
